// !$*UTF8*$!
{
	archiveVersion = 1;
	classes = {
	};
	objectVersion = 46;
	objects = {

/* Begin PBXBuildFile section */
		DE16644E1DD687D400B48A94 /* DateExtension.swift in Sources */ = {isa = PBXBuildFile; fileRef = DE16644D1DD687D400B48A94 /* DateExtension.swift */; };
		DE559ECC1DAB28F500E17299 /* AppDelegate.swift in Sources */ = {isa = PBXBuildFile; fileRef = DE559ECB1DAB28F500E17299 /* AppDelegate.swift */; };
		DE559ECE1DAB28F500E17299 /* ForecastViewController.swift in Sources */ = {isa = PBXBuildFile; fileRef = DE559ECD1DAB28F500E17299 /* ForecastViewController.swift */; };
		DE559ED11DAB28F500E17299 /* Main.storyboard in Resources */ = {isa = PBXBuildFile; fileRef = DE559ECF1DAB28F500E17299 /* Main.storyboard */; };
		DE559ED31DAB28F500E17299 /* Assets.xcassets in Resources */ = {isa = PBXBuildFile; fileRef = DE559ED21DAB28F500E17299 /* Assets.xcassets */; };
		DE559ED61DAB28F500E17299 /* LaunchScreen.storyboard in Resources */ = {isa = PBXBuildFile; fileRef = DE559ED41DAB28F500E17299 /* LaunchScreen.storyboard */; };
		DE559EE01DAB2BBE00E17299 /* DarkSkyAPIClient.swift in Sources */ = {isa = PBXBuildFile; fileRef = DE559EDF1DAB2BBD00E17299 /* DarkSkyAPIClient.swift */; };
		DE559EE61DAB33E900E17299 /* Secrets.swift in Sources */ = {isa = PBXBuildFile; fileRef = DE559EE51DAB33E900E17299 /* Secrets.swift */; };
		DE559EE81DAC137F00E17299 /* LocationWeather.swift in Sources */ = {isa = PBXBuildFile; fileRef = DE559EE71DAC137F00E17299 /* LocationWeather.swift */; };
		DE559EEA1DAC508D00E17299 /* ForecastDataStore.swift in Sources */ = {isa = PBXBuildFile; fileRef = DE559EE91DAC508D00E17299 /* ForecastDataStore.swift */; };
		DE64994A1DB445ED00AC9903 /* HourlyCollectionViewCell.swift in Sources */ = {isa = PBXBuildFile; fileRef = DE6499491DB445ED00AC9903 /* HourlyCollectionViewCell.swift */; };
		DE6ED6D51DBFF07D00AD1180 /* RootViewController.swift in Sources */ = {isa = PBXBuildFile; fileRef = DE6ED6D41DBFF07D00AD1180 /* RootViewController.swift */; };
		DE98B7241DC153AB000F3D04 /* SavedLocation+CoreDataProperties.swift in Sources */ = {isa = PBXBuildFile; fileRef = DE98B7221DC153AB000F3D04 /* SavedLocation+CoreDataProperties.swift */; };
		DE98B7251DC153AB000F3D04 /* SavedLocation.swift in Sources */ = {isa = PBXBuildFile; fileRef = DE98B7231DC153AB000F3D04 /* SavedLocation.swift */; };
		DEA4B42A1DAF0D5C00B4DE2E /* DailyTableViewCell.swift in Sources */ = {isa = PBXBuildFile; fileRef = DEA4B4291DAF0D5B00B4DE2E /* DailyTableViewCell.swift */; };
		DEC1C9801DB9471100B6F5E2 /* PageViewController.swift in Sources */ = {isa = PBXBuildFile; fileRef = DEC1C97F1DB9471100B6F5E2 /* PageViewController.swift */; };
		DEC1C9861DBACD9300B6F5E2 /* SavedLocationsTableViewController.swift in Sources */ = {isa = PBXBuildFile; fileRef = DEC1C9851DBACD9300B6F5E2 /* SavedLocationsTableViewController.swift */; };
		DEC1C9891DBC03E900B6F5E2 /* SavedLocationsModel.xcdatamodeld in Sources */ = {isa = PBXBuildFile; fileRef = DEC1C9871DBC03E800B6F5E2 /* SavedLocationsModel.xcdatamodeld */; };
		DEC1C98B1DBEA7F500B6F5E2 /* SavedLocationTableViewCell.swift in Sources */ = {isa = PBXBuildFile; fileRef = DEC1C98A1DBEA7F500B6F5E2 /* SavedLocationTableViewCell.swift */; };
		DEE1B4EA1DEE2014001DD22F /* UmbrellaReminderTableViewController.swift in Sources */ = {isa = PBXBuildFile; fileRef = DEE1B4E91DEE2013001DD22F /* UmbrellaReminderTableViewController.swift */; };
		FADFD00E66A55C75E18EB175 /* Pods_WeatherApp.framework in Frameworks */ = {isa = PBXBuildFile; fileRef = 4AC5E0D31EC050C01D43BFAE /* Pods_WeatherApp.framework */; };
/* End PBXBuildFile section */

/* Begin PBXFileReference section */
		4AC5E0D31EC050C01D43BFAE /* Pods_WeatherApp.framework */ = {isa = PBXFileReference; explicitFileType = wrapper.framework; includeInIndex = 0; path = Pods_WeatherApp.framework; sourceTree = BUILT_PRODUCTS_DIR; };
		5A41BE75A780BD8966A95630 /* Pods-WeatherApp.release.xcconfig */ = {isa = PBXFileReference; includeInIndex = 1; lastKnownFileType = text.xcconfig; name = "Pods-WeatherApp.release.xcconfig"; path = "Pods/Target Support Files/Pods-WeatherApp/Pods-WeatherApp.release.xcconfig"; sourceTree = "<group>"; };
		ACE594503FC7A85BC42A65C3 /* Pods-WeatherApp.debug.xcconfig */ = {isa = PBXFileReference; includeInIndex = 1; lastKnownFileType = text.xcconfig; name = "Pods-WeatherApp.debug.xcconfig"; path = "Pods/Target Support Files/Pods-WeatherApp/Pods-WeatherApp.debug.xcconfig"; sourceTree = "<group>"; };
		DE16644D1DD687D400B48A94 /* DateExtension.swift */ = {isa = PBXFileReference; fileEncoding = 4; lastKnownFileType = sourcecode.swift; path = DateExtension.swift; sourceTree = "<group>"; };
		DE559EC81DAB28F500E17299 /* WeatherApp.app */ = {isa = PBXFileReference; explicitFileType = wrapper.application; includeInIndex = 0; path = WeatherApp.app; sourceTree = BUILT_PRODUCTS_DIR; };
		DE559ECB1DAB28F500E17299 /* AppDelegate.swift */ = {isa = PBXFileReference; lastKnownFileType = sourcecode.swift; path = AppDelegate.swift; sourceTree = "<group>"; };
		DE559ECD1DAB28F500E17299 /* ForecastViewController.swift */ = {isa = PBXFileReference; lastKnownFileType = sourcecode.swift; path = ForecastViewController.swift; sourceTree = "<group>"; };
		DE559ED01DAB28F500E17299 /* Base */ = {isa = PBXFileReference; lastKnownFileType = file.storyboard; name = Base; path = Base.lproj/Main.storyboard; sourceTree = "<group>"; };
		DE559ED21DAB28F500E17299 /* Assets.xcassets */ = {isa = PBXFileReference; lastKnownFileType = folder.assetcatalog; path = Assets.xcassets; sourceTree = "<group>"; };
		DE559ED51DAB28F500E17299 /* Base */ = {isa = PBXFileReference; lastKnownFileType = file.storyboard; name = Base; path = Base.lproj/LaunchScreen.storyboard; sourceTree = "<group>"; };
		DE559ED71DAB28F500E17299 /* Info.plist */ = {isa = PBXFileReference; lastKnownFileType = text.plist.xml; path = Info.plist; sourceTree = "<group>"; };
		DE559EDF1DAB2BBD00E17299 /* DarkSkyAPIClient.swift */ = {isa = PBXFileReference; fileEncoding = 4; lastKnownFileType = sourcecode.swift; path = DarkSkyAPIClient.swift; sourceTree = "<group>"; };
		DE559EE51DAB33E900E17299 /* Secrets.swift */ = {isa = PBXFileReference; fileEncoding = 4; lastKnownFileType = sourcecode.swift; path = Secrets.swift; sourceTree = "<group>"; };
		DE559EE71DAC137F00E17299 /* LocationWeather.swift */ = {isa = PBXFileReference; fileEncoding = 4; lastKnownFileType = sourcecode.swift; path = LocationWeather.swift; sourceTree = "<group>"; };
		DE559EE91DAC508D00E17299 /* ForecastDataStore.swift */ = {isa = PBXFileReference; fileEncoding = 4; lastKnownFileType = sourcecode.swift; name = ForecastDataStore.swift; path = ../ForecastDataStore.swift; sourceTree = "<group>"; };
		DE6499491DB445ED00AC9903 /* HourlyCollectionViewCell.swift */ = {isa = PBXFileReference; fileEncoding = 4; lastKnownFileType = sourcecode.swift; path = HourlyCollectionViewCell.swift; sourceTree = "<group>"; };
		DE6ED6D41DBFF07D00AD1180 /* RootViewController.swift */ = {isa = PBXFileReference; fileEncoding = 4; lastKnownFileType = sourcecode.swift; path = RootViewController.swift; sourceTree = "<group>"; };
		DE98B7221DC153AB000F3D04 /* SavedLocation+CoreDataProperties.swift */ = {isa = PBXFileReference; fileEncoding = 4; lastKnownFileType = sourcecode.swift; path = "SavedLocation+CoreDataProperties.swift"; sourceTree = "<group>"; };
		DE98B7231DC153AB000F3D04 /* SavedLocation.swift */ = {isa = PBXFileReference; fileEncoding = 4; lastKnownFileType = sourcecode.swift; path = SavedLocation.swift; sourceTree = "<group>"; };
		DEA4B4291DAF0D5B00B4DE2E /* DailyTableViewCell.swift */ = {isa = PBXFileReference; fileEncoding = 4; lastKnownFileType = sourcecode.swift; path = DailyTableViewCell.swift; sourceTree = "<group>"; };
		DEC1C97F1DB9471100B6F5E2 /* PageViewController.swift */ = {isa = PBXFileReference; fileEncoding = 4; lastKnownFileType = sourcecode.swift; path = PageViewController.swift; sourceTree = "<group>"; };
		DEC1C9851DBACD9300B6F5E2 /* SavedLocationsTableViewController.swift */ = {isa = PBXFileReference; fileEncoding = 4; lastKnownFileType = sourcecode.swift; path = SavedLocationsTableViewController.swift; sourceTree = "<group>"; };
		DEC1C9881DBC03E900B6F5E2 /* SavedLocationsModel.xcdatamodel */ = {isa = PBXFileReference; lastKnownFileType = wrapper.xcdatamodel; path = SavedLocationsModel.xcdatamodel; sourceTree = "<group>"; };
		DEC1C98A1DBEA7F500B6F5E2 /* SavedLocationTableViewCell.swift */ = {isa = PBXFileReference; fileEncoding = 4; lastKnownFileType = sourcecode.swift; path = SavedLocationTableViewCell.swift; sourceTree = "<group>"; };
		DEE1B4E91DEE2013001DD22F /* UmbrellaReminderTableViewController.swift */ = {isa = PBXFileReference; fileEncoding = 4; lastKnownFileType = sourcecode.swift; path = UmbrellaReminderTableViewController.swift; sourceTree = "<group>"; };
/* End PBXFileReference section */

/* Begin PBXFrameworksBuildPhase section */
		DE559EC51DAB28F500E17299 /* Frameworks */ = {
			isa = PBXFrameworksBuildPhase;
			buildActionMask = 2147483647;
			files = (
				FADFD00E66A55C75E18EB175 /* Pods_WeatherApp.framework in Frameworks */,
			);
			runOnlyForDeploymentPostprocessing = 0;
		};
/* End PBXFrameworksBuildPhase section */

/* Begin PBXGroup section */
		D8F4A5252CFDA50A847E87E9 /* Frameworks */ = {
			isa = PBXGroup;
			children = (
				4AC5E0D31EC050C01D43BFAE /* Pods_WeatherApp.framework */,
			);
			name = Frameworks;
			sourceTree = "<group>";
		};
		DE559EBF1DAB28F500E17299 = {
			isa = PBXGroup;
			children = (
				DE559EE51DAB33E900E17299 /* Secrets.swift */,
				DE559ECA1DAB28F500E17299 /* WeatherApp */,
				DE559EC91DAB28F500E17299 /* Products */,
				F47C93B6F55BA5D6BBD43A6D /* Pods */,
				D8F4A5252CFDA50A847E87E9 /* Frameworks */,
			);
			sourceTree = "<group>";
		};
		DE559EC91DAB28F500E17299 /* Products */ = {
			isa = PBXGroup;
			children = (
				DE559EC81DAB28F500E17299 /* WeatherApp.app */,
			);
			name = Products;
			sourceTree = "<group>";
		};
		DE559ECA1DAB28F500E17299 /* WeatherApp */ = {
			isa = PBXGroup;
			children = (
				DE559EE91DAC508D00E17299 /* ForecastDataStore.swift */,
				DE559EDF1DAB2BBD00E17299 /* DarkSkyAPIClient.swift */,
				DE559EE71DAC137F00E17299 /* LocationWeather.swift */,
				DE16644D1DD687D400B48A94 /* DateExtension.swift */,
				DE559ECB1DAB28F500E17299 /* AppDelegate.swift */,
				DE559ECF1DAB28F500E17299 /* Main.storyboard */,
				DEE1B4E91DEE2013001DD22F /* UmbrellaReminderTableViewController.swift */,
				DE559ED21DAB28F500E17299 /* Assets.xcassets */,
				DE559ED41DAB28F500E17299 /* LaunchScreen.storyboard */,
				DE559ED71DAB28F500E17299 /* Info.plist */,
				DEC1C98D1DBEA81000B6F5E2 /* CurrentLocation */,
				DEC1C98C1DBEA7FE00B6F5E2 /* SavedLocation */,
			);
			path = WeatherApp;
			sourceTree = "<group>";
		};
		DEC1C98C1DBEA7FE00B6F5E2 /* SavedLocation */ = {
			isa = PBXGroup;
			children = (
				DE98B7221DC153AB000F3D04 /* SavedLocation+CoreDataProperties.swift */,
				DE98B7231DC153AB000F3D04 /* SavedLocation.swift */,
				DEC1C9851DBACD9300B6F5E2 /* SavedLocationsTableViewController.swift */,
				DEC1C98A1DBEA7F500B6F5E2 /* SavedLocationTableViewCell.swift */,
				DEC1C9871DBC03E800B6F5E2 /* SavedLocationsModel.xcdatamodeld */,
			);
			name = SavedLocation;
			sourceTree = "<group>";
		};
		DEC1C98D1DBEA81000B6F5E2 /* CurrentLocation */ = {
			isa = PBXGroup;
			children = (
				DE6ED6D41DBFF07D00AD1180 /* RootViewController.swift */,
				DEC1C97F1DB9471100B6F5E2 /* PageViewController.swift */,
				DE559ECD1DAB28F500E17299 /* ForecastViewController.swift */,
				DEA4B4291DAF0D5B00B4DE2E /* DailyTableViewCell.swift */,
				DE6499491DB445ED00AC9903 /* HourlyCollectionViewCell.swift */,
			);
			name = CurrentLocation;
			sourceTree = "<group>";
		};
		F47C93B6F55BA5D6BBD43A6D /* Pods */ = {
			isa = PBXGroup;
			children = (
				ACE594503FC7A85BC42A65C3 /* Pods-WeatherApp.debug.xcconfig */,
				5A41BE75A780BD8966A95630 /* Pods-WeatherApp.release.xcconfig */,
			);
			name = Pods;
			sourceTree = "<group>";
		};
/* End PBXGroup section */

/* Begin PBXNativeTarget section */
		DE559EC71DAB28F500E17299 /* WeatherApp */ = {
			isa = PBXNativeTarget;
			buildConfigurationList = DE559EDA1DAB28F500E17299 /* Build configuration list for PBXNativeTarget "WeatherApp" */;
			buildPhases = (
				2DF2DDB5B7022C495DCDB10B /* [CP] Check Pods Manifest.lock */,
				DE559EC41DAB28F500E17299 /* Sources */,
				DE559EC51DAB28F500E17299 /* Frameworks */,
				DE559EC61DAB28F500E17299 /* Resources */,
				C377342005A56264821F799E /* [CP] Embed Pods Frameworks */,
				CB9984370E2A93A6756A9F5C /* [CP] Copy Pods Resources */,
			);
			buildRules = (
			);
			dependencies = (
			);
			name = WeatherApp;
			productName = WeatherApp;
			productReference = DE559EC81DAB28F500E17299 /* WeatherApp.app */;
			productType = "com.apple.product-type.application";
		};
/* End PBXNativeTarget section */

/* Begin PBXProject section */
		DE559EC01DAB28F500E17299 /* Project object */ = {
			isa = PBXProject;
			attributes = {
				LastSwiftUpdateCheck = 0730;
				LastUpgradeCheck = 0730;
				ORGANIZATIONNAME = "Bettina Prophete";
				TargetAttributes = {
					DE559EC71DAB28F500E17299 = {
						CreatedOnToolsVersion = 7.3.1;
						LastSwiftMigration = 0810;
					};
				};
			};
			buildConfigurationList = DE559EC31DAB28F500E17299 /* Build configuration list for PBXProject "WeatherApp" */;
			compatibilityVersion = "Xcode 3.2";
			developmentRegion = English;
			hasScannedForEncodings = 0;
			knownRegions = (
				en,
				Base,
			);
			mainGroup = DE559EBF1DAB28F500E17299;
			productRefGroup = DE559EC91DAB28F500E17299 /* Products */;
			projectDirPath = "";
			projectRoot = "";
			targets = (
				DE559EC71DAB28F500E17299 /* WeatherApp */,
			);
		};
/* End PBXProject section */

/* Begin PBXResourcesBuildPhase section */
		DE559EC61DAB28F500E17299 /* Resources */ = {
			isa = PBXResourcesBuildPhase;
			buildActionMask = 2147483647;
			files = (
				DE559ED61DAB28F500E17299 /* LaunchScreen.storyboard in Resources */,
				DE559ED31DAB28F500E17299 /* Assets.xcassets in Resources */,
				DE559ED11DAB28F500E17299 /* Main.storyboard in Resources */,
			);
			runOnlyForDeploymentPostprocessing = 0;
		};
/* End PBXResourcesBuildPhase section */

/* Begin PBXShellScriptBuildPhase section */
		2DF2DDB5B7022C495DCDB10B /* [CP] Check Pods Manifest.lock */ = {
			isa = PBXShellScriptBuildPhase;
			buildActionMask = 2147483647;
			files = (
			);
			inputPaths = (
			);
			name = "[CP] Check Pods Manifest.lock";
			outputPaths = (
			);
			runOnlyForDeploymentPostprocessing = 0;
			shellPath = /bin/sh;
			shellScript = "diff \"${PODS_ROOT}/../Podfile.lock\" \"${PODS_ROOT}/Manifest.lock\" > /dev/null\nif [[ $? != 0 ]] ; then\n    cat << EOM\nerror: The sandbox is not in sync with the Podfile.lock. Run 'pod install' or update your CocoaPods installation.\nEOM\n    exit 1\nfi\n";
			showEnvVarsInLog = 0;
		};
		C377342005A56264821F799E /* [CP] Embed Pods Frameworks */ = {
			isa = PBXShellScriptBuildPhase;
			buildActionMask = 2147483647;
			files = (
			);
			inputPaths = (
			);
			name = "[CP] Embed Pods Frameworks";
			outputPaths = (
			);
			runOnlyForDeploymentPostprocessing = 0;
			shellPath = /bin/sh;
			shellScript = "\"${SRCROOT}/Pods/Target Support Files/Pods-WeatherApp/Pods-WeatherApp-frameworks.sh\"\n";
			showEnvVarsInLog = 0;
		};
		CB9984370E2A93A6756A9F5C /* [CP] Copy Pods Resources */ = {
			isa = PBXShellScriptBuildPhase;
			buildActionMask = 2147483647;
			files = (
			);
			inputPaths = (
			);
			name = "[CP] Copy Pods Resources";
			outputPaths = (
			);
			runOnlyForDeploymentPostprocessing = 0;
			shellPath = /bin/sh;
			shellScript = "\"${SRCROOT}/Pods/Target Support Files/Pods-WeatherApp/Pods-WeatherApp-resources.sh\"\n";
			showEnvVarsInLog = 0;
		};
/* End PBXShellScriptBuildPhase section */

/* Begin PBXSourcesBuildPhase section */
		DE559EC41DAB28F500E17299 /* Sources */ = {
			isa = PBXSourcesBuildPhase;
			buildActionMask = 2147483647;
			files = (
				DEC1C9861DBACD9300B6F5E2 /* SavedLocationsTableViewController.swift in Sources */,
				DE98B7251DC153AB000F3D04 /* SavedLocation.swift in Sources */,
				DE559ECE1DAB28F500E17299 /* ForecastViewController.swift in Sources */,
				DEE1B4EA1DEE2014001DD22F /* UmbrellaReminderTableViewController.swift in Sources */,
				DEA4B42A1DAF0D5C00B4DE2E /* DailyTableViewCell.swift in Sources */,
				DE559EE61DAB33E900E17299 /* Secrets.swift in Sources */,
				DE6ED6D51DBFF07D00AD1180 /* RootViewController.swift in Sources */,
				DEC1C98B1DBEA7F500B6F5E2 /* SavedLocationTableViewCell.swift in Sources */,
				DE98B7241DC153AB000F3D04 /* SavedLocation+CoreDataProperties.swift in Sources */,
				DEC1C9891DBC03E900B6F5E2 /* SavedLocationsModel.xcdatamodeld in Sources */,
				DE16644E1DD687D400B48A94 /* DateExtension.swift in Sources */,
				DE64994A1DB445ED00AC9903 /* HourlyCollectionViewCell.swift in Sources */,
				DE559EEA1DAC508D00E17299 /* ForecastDataStore.swift in Sources */,
				DE559ECC1DAB28F500E17299 /* AppDelegate.swift in Sources */,
				DEC1C9801DB9471100B6F5E2 /* PageViewController.swift in Sources */,
				DE559EE01DAB2BBE00E17299 /* DarkSkyAPIClient.swift in Sources */,
				DE559EE81DAC137F00E17299 /* LocationWeather.swift in Sources */,
			);
			runOnlyForDeploymentPostprocessing = 0;
		};
/* End PBXSourcesBuildPhase section */

/* Begin PBXVariantGroup section */
		DE559ECF1DAB28F500E17299 /* Main.storyboard */ = {
			isa = PBXVariantGroup;
			children = (
				DE559ED01DAB28F500E17299 /* Base */,
			);
			name = Main.storyboard;
			sourceTree = "<group>";
		};
		DE559ED41DAB28F500E17299 /* LaunchScreen.storyboard */ = {
			isa = PBXVariantGroup;
			children = (
				DE559ED51DAB28F500E17299 /* Base */,
			);
			name = LaunchScreen.storyboard;
			sourceTree = "<group>";
		};
/* End PBXVariantGroup section */

/* Begin XCBuildConfiguration section */
		DE559ED81DAB28F500E17299 /* Debug */ = {
			isa = XCBuildConfiguration;
			buildSettings = {
				ALWAYS_SEARCH_USER_PATHS = NO;
				CLANG_ANALYZER_NONNULL = YES;
				CLANG_CXX_LANGUAGE_STANDARD = "gnu++0x";
				CLANG_CXX_LIBRARY = "libc++";
				CLANG_ENABLE_MODULES = YES;
				CLANG_ENABLE_OBJC_ARC = YES;
				CLANG_WARN_BOOL_CONVERSION = YES;
				CLANG_WARN_CONSTANT_CONVERSION = YES;
				CLANG_WARN_DIRECT_OBJC_ISA_USAGE = YES_ERROR;
				CLANG_WARN_EMPTY_BODY = YES;
				CLANG_WARN_ENUM_CONVERSION = YES;
				CLANG_WARN_INT_CONVERSION = YES;
				CLANG_WARN_OBJC_ROOT_CLASS = YES_ERROR;
				CLANG_WARN_UNREACHABLE_CODE = YES;
				CLANG_WARN__DUPLICATE_METHOD_MATCH = YES;
				"CODE_SIGN_IDENTITY[sdk=iphoneos*]" = "iPhone Developer";
				COPY_PHASE_STRIP = NO;
				DEBUG_INFORMATION_FORMAT = dwarf;
				ENABLE_STRICT_OBJC_MSGSEND = YES;
				ENABLE_TESTABILITY = YES;
				GCC_C_LANGUAGE_STANDARD = gnu99;
				GCC_DYNAMIC_NO_PIC = NO;
				GCC_NO_COMMON_BLOCKS = YES;
				GCC_OPTIMIZATION_LEVEL = 0;
				GCC_PREPROCESSOR_DEFINITIONS = (
					"DEBUG=1",
					"$(inherited)",
				);
				GCC_WARN_64_TO_32_BIT_CONVERSION = YES;
				GCC_WARN_ABOUT_RETURN_TYPE = YES_ERROR;
				GCC_WARN_UNDECLARED_SELECTOR = YES;
				GCC_WARN_UNINITIALIZED_AUTOS = YES_AGGRESSIVE;
				GCC_WARN_UNUSED_FUNCTION = YES;
				GCC_WARN_UNUSED_VARIABLE = YES;
				IPHONEOS_DEPLOYMENT_TARGET = 9.3;
				MTL_ENABLE_DEBUG_INFO = YES;
				ONLY_ACTIVE_ARCH = YES;
				SDKROOT = iphoneos;
				SWIFT_OPTIMIZATION_LEVEL = "-Onone";
				TARGETED_DEVICE_FAMILY = "1,2";
			};
			name = Debug;
		};
		DE559ED91DAB28F500E17299 /* Release */ = {
			isa = XCBuildConfiguration;
			buildSettings = {
				ALWAYS_SEARCH_USER_PATHS = NO;
				CLANG_ANALYZER_NONNULL = YES;
				CLANG_CXX_LANGUAGE_STANDARD = "gnu++0x";
				CLANG_CXX_LIBRARY = "libc++";
				CLANG_ENABLE_MODULES = YES;
				CLANG_ENABLE_OBJC_ARC = YES;
				CLANG_WARN_BOOL_CONVERSION = YES;
				CLANG_WARN_CONSTANT_CONVERSION = YES;
				CLANG_WARN_DIRECT_OBJC_ISA_USAGE = YES_ERROR;
				CLANG_WARN_EMPTY_BODY = YES;
				CLANG_WARN_ENUM_CONVERSION = YES;
				CLANG_WARN_INT_CONVERSION = YES;
				CLANG_WARN_OBJC_ROOT_CLASS = YES_ERROR;
				CLANG_WARN_UNREACHABLE_CODE = YES;
				CLANG_WARN__DUPLICATE_METHOD_MATCH = YES;
				"CODE_SIGN_IDENTITY[sdk=iphoneos*]" = "iPhone Developer";
				COPY_PHASE_STRIP = NO;
				DEBUG_INFORMATION_FORMAT = "dwarf-with-dsym";
				ENABLE_NS_ASSERTIONS = NO;
				ENABLE_STRICT_OBJC_MSGSEND = YES;
				GCC_C_LANGUAGE_STANDARD = gnu99;
				GCC_NO_COMMON_BLOCKS = YES;
				GCC_WARN_64_TO_32_BIT_CONVERSION = YES;
				GCC_WARN_ABOUT_RETURN_TYPE = YES_ERROR;
				GCC_WARN_UNDECLARED_SELECTOR = YES;
				GCC_WARN_UNINITIALIZED_AUTOS = YES_AGGRESSIVE;
				GCC_WARN_UNUSED_FUNCTION = YES;
				GCC_WARN_UNUSED_VARIABLE = YES;
				IPHONEOS_DEPLOYMENT_TARGET = 9.3;
				MTL_ENABLE_DEBUG_INFO = NO;
				SDKROOT = iphoneos;
				TARGETED_DEVICE_FAMILY = "1,2";
				VALIDATE_PRODUCT = YES;
			};
			name = Release;
		};
		DE559EDB1DAB28F500E17299 /* Debug */ = {
			isa = XCBuildConfiguration;
			baseConfigurationReference = ACE594503FC7A85BC42A65C3 /* Pods-WeatherApp.debug.xcconfig */;
			buildSettings = {
				ASSETCATALOG_COMPILER_APPICON_NAME = AppIcon;
				DEVELOPMENT_TEAM = "";
				INFOPLIST_FILE = WeatherApp/Info.plist;
				LD_RUNPATH_SEARCH_PATHS = "$(inherited) @executable_path/Frameworks";
				PRODUCT_BUNDLE_IDENTIFIER = FIS.WeatherApp;
				PRODUCT_NAME = "$(TARGET_NAME)";
				SWIFT_VERSION = 2.3;
			};
			name = Debug;
		};
		DE559EDC1DAB28F500E17299 /* Release */ = {
			isa = XCBuildConfiguration;
			baseConfigurationReference = 5A41BE75A780BD8966A95630 /* Pods-WeatherApp.release.xcconfig */;
			buildSettings = {
				ASSETCATALOG_COMPILER_APPICON_NAME = AppIcon;
				DEVELOPMENT_TEAM = "";
				INFOPLIST_FILE = WeatherApp/Info.plist;
				LD_RUNPATH_SEARCH_PATHS = "$(inherited) @executable_path/Frameworks";
				PRODUCT_BUNDLE_IDENTIFIER = FIS.WeatherApp;
				PRODUCT_NAME = "$(TARGET_NAME)";
				SWIFT_VERSION = 2.3;
			};
			name = Release;
		};
/* End XCBuildConfiguration section */

/* Begin XCConfigurationList section */
		DE559EC31DAB28F500E17299 /* Build configuration list for PBXProject "WeatherApp" */ = {
			isa = XCConfigurationList;
			buildConfigurations = (
				DE559ED81DAB28F500E17299 /* Debug */,
				DE559ED91DAB28F500E17299 /* Release */,
			);
			defaultConfigurationIsVisible = 0;
			defaultConfigurationName = Release;
		};
		DE559EDA1DAB28F500E17299 /* Build configuration list for PBXNativeTarget "WeatherApp" */ = {
			isa = XCConfigurationList;
			buildConfigurations = (
				DE559EDB1DAB28F500E17299 /* Debug */,
				DE559EDC1DAB28F500E17299 /* Release */,
			);
			defaultConfigurationIsVisible = 0;
			defaultConfigurationName = Release;
		};
/* End XCConfigurationList section */

/* Begin XCVersionGroup section */
		DEC1C9871DBC03E800B6F5E2 /* SavedLocationsModel.xcdatamodeld */ = {
			isa = XCVersionGroup;
			children = (
				DEC1C9881DBC03E900B6F5E2 /* SavedLocationsModel.xcdatamodel */,
			);
			currentVersion = DEC1C9881DBC03E900B6F5E2 /* SavedLocationsModel.xcdatamodel */;
			path = SavedLocationsModel.xcdatamodeld;
			sourceTree = "<group>";
			versionGroupType = wrapper.xcdatamodel;
		};
/* End XCVersionGroup section */
	};
	rootObject = DE559EC01DAB28F500E17299 /* Project object */;
}
